
Microsoft Visual Studio Solution File, Format Version 12.00
# Visual Studio 14
VisualStudioVersion = 14.0.23107.0
MinimumVisualStudioVersion = 10.0.40219.1
Project("{FAE04EC0-301F-11D3-BF4B-00C04F79EFBC}") = "AzureWebApp", "AzureWebApp\AzureWebApp.csproj", "{2E82A44E-477C-4714-B0F2-CFFEFD71605B}"
EndProject
Project("{2150E333-8FDC-42A3-9474-1A3956D46DE8}") = "PublishScripts", "PublishScripts", "{9373D6F7-E2B4-4EC6-BBBE-661F2610280E}"
	ProjectSection(SolutionItems) = preProject
		PublishScripts\AzureVMPublishModule.psm1 = PublishScripts\AzureVMPublishModule.psm1
		PublishScripts\Publish-WebApplicationVM.ps1 = PublishScripts\Publish-WebApplicationVM.ps1
	EndProjectSection
EndProject
Project("{2150E333-8FDC-42A3-9474-1A3956D46DE8}") = "Configurations", "Configurations", "{48AFC298-30F5-4ACB-8FB6-B9AF40DE909D}"
	ProjectSection(SolutionItems) = preProject
		PublishScripts\Configurations\AzureWebApp-WAWS-dev.json = PublishScripts\Configurations\AzureWebApp-WAWS-dev.json
	EndProjectSection
EndProject
Project("{FAE04EC0-301F-11D3-BF4B-00C04F79EFBC}") = "AzureWebAppTests", "AzureWebAppTests\AzureWebAppTests.csproj", "{81D74DD7-98F8-49E9-B78D-073184B089E8}"
EndProject
Global
	GlobalSection(SolutionConfigurationPlatforms) = preSolution
		Debug|Any CPU = Debug|Any CPU
		Release|Any CPU = Release|Any CPU
	EndGlobalSection
	GlobalSection(ProjectConfigurationPlatforms) = postSolution
		{2E82A44E-477C-4714-B0F2-CFFEFD71605B}.Debug|Any CPU.ActiveCfg = Debug|Any CPU
		{2E82A44E-477C-4714-B0F2-CFFEFD71605B}.Debug|Any CPU.Build.0 = Debug|Any CPU
		{2E82A44E-477C-4714-B0F2-CFFEFD71605B}.Release|Any CPU.ActiveCfg = Release|Any CPU
		{2E82A44E-477C-4714-B0F2-CFFEFD71605B}.Release|Any CPU.Build.0 = Release|Any CPU
		{81D74DD7-98F8-49E9-B78D-073184B089E8}.Debug|Any CPU.ActiveCfg = Debug|Any CPU
		{81D74DD7-98F8-49E9-B78D-073184B089E8}.Debug|Any CPU.Build.0 = Debug|Any CPU
		{81D74DD7-98F8-49E9-B78D-073184B089E8}.Release|Any CPU.ActiveCfg = Release|Any CPU
		{81D74DD7-98F8-49E9-B78D-073184B089E8}.Release|Any CPU.Build.0 = Release|Any CPU
	EndGlobalSection
	GlobalSection(SolutionProperties) = preSolution
		HideSolutionNode = FALSE
	EndGlobalSection
	GlobalSection(NestedProjects) = preSolution
		{48AFC298-30F5-4ACB-8FB6-B9AF40DE909D} = {9373D6F7-E2B4-4EC6-BBBE-661F2610280E}
	EndGlobalSection
	GlobalSection(ExtensibilityGlobals) = postSolution
		EnterpriseLibraryConfigurationToolBinariesPath = packages\Unity.2.1.505.0\lib\NET35
	EndGlobalSection
EndGlobal
